// !$*UTF8*$!
{
	archiveVersion = 1;
	classes = {
	};
	objectVersion = 55;
	objects = {

/* Begin PBXBuildFile section */
		3C9F9167208F8B1D3BE7B406 /* Pods_Movie.framework in Frameworks */ = {isa = PBXBuildFile; fileRef = 8F76BBEABA3ACD7029938FA5 /* Pods_Movie.framework */; };
		7A3E0C5694535FF4CA0FA485 /* Pods_Movie_MovieUITests.framework in Frameworks */ = {isa = PBXBuildFile; fileRef = 44D593CF3E4E9E30C02CCA0D /* Pods_Movie_MovieUITests.framework */; };
		8D882C033EBBABD9FD336BF6 /* Pods_MovieTests.framework in Frameworks */ = {isa = PBXBuildFile; fileRef = 19E9B3A8392F9CC91C135D3C /* Pods_MovieTests.framework */; };
		C11AD20727AB7BF400815491 /* AppDelegate.swift in Sources */ = {isa = PBXBuildFile; fileRef = C11AD20627AB7BF400815491 /* AppDelegate.swift */; };
		C11AD20927AB7BF400815491 /* SceneDelegate.swift in Sources */ = {isa = PBXBuildFile; fileRef = C11AD20827AB7BF400815491 /* SceneDelegate.swift */; };
		C11AD20B27AB7BF400815491 /* ViewController.swift in Sources */ = {isa = PBXBuildFile; fileRef = C11AD20A27AB7BF400815491 /* ViewController.swift */; };
		C11AD20E27AB7BF400815491 /* Main.storyboard in Resources */ = {isa = PBXBuildFile; fileRef = C11AD20C27AB7BF400815491 /* Main.storyboard */; };
		C11AD21027AB7BF600815491 /* Assets.xcassets in Resources */ = {isa = PBXBuildFile; fileRef = C11AD20F27AB7BF600815491 /* Assets.xcassets */; };
		C11AD21327AB7BF600815491 /* LaunchScreen.storyboard in Resources */ = {isa = PBXBuildFile; fileRef = C11AD21127AB7BF600815491 /* LaunchScreen.storyboard */; };
		C11AD21E27AB7BF600815491 /* MovieTests.swift in Sources */ = {isa = PBXBuildFile; fileRef = C11AD21D27AB7BF600815491 /* MovieTests.swift */; };
		C11AD22827AB7BF600815491 /* MovieUITests.swift in Sources */ = {isa = PBXBuildFile; fileRef = C11AD22727AB7BF600815491 /* MovieUITests.swift */; };
		C11AD22A27AB7BF600815491 /* MovieUITestsLaunchTests.swift in Sources */ = {isa = PBXBuildFile; fileRef = C11AD22927AB7BF600815491 /* MovieUITestsLaunchTests.swift */; };
		C11AD23927AB8CF900815491 /* MoviesViewController.swift in Sources */ = {isa = PBXBuildFile; fileRef = C11AD23827AB8CF900815491 /* MoviesViewController.swift */; };
		C11AD23B27AB9A7800815491 /* MovieCell.swift in Sources */ = {isa = PBXBuildFile; fileRef = C11AD23A27AB9A7800815491 /* MovieCell.swift */; };
		C11AD23E27AB9E4A00815491 /* AlamofireImage in Frameworks */ = {isa = PBXBuildFile; productRef = C11AD23D27AB9E4A00815491 /* AlamofireImage */; };
/* End PBXBuildFile section */

/* Begin PBXContainerItemProxy section */
		C11AD21A27AB7BF600815491 /* PBXContainerItemProxy */ = {
			isa = PBXContainerItemProxy;
			containerPortal = C11AD1FB27AB7BF400815491 /* Project object */;
			proxyType = 1;
			remoteGlobalIDString = C11AD20227AB7BF400815491;
			remoteInfo = Movie;
		};
		C11AD22427AB7BF600815491 /* PBXContainerItemProxy */ = {
			isa = PBXContainerItemProxy;
			containerPortal = C11AD1FB27AB7BF400815491 /* Project object */;
			proxyType = 1;
			remoteGlobalIDString = C11AD20227AB7BF400815491;
			remoteInfo = Movie;
		};
/* End PBXContainerItemProxy section */

/* Begin PBXFileReference section */
		0DF990733F2F2144FAC91F99 /* Pods-Movie-MovieUITests.debug.xcconfig */ = {isa = PBXFileReference; includeInIndex = 1; lastKnownFileType = text.xcconfig; name = "Pods-Movie-MovieUITests.debug.xcconfig"; path = "Target Support Files/Pods-Movie-MovieUITests/Pods-Movie-MovieUITests.debug.xcconfig"; sourceTree = "<group>"; };
		19E9B3A8392F9CC91C135D3C /* Pods_MovieTests.framework */ = {isa = PBXFileReference; explicitFileType = wrapper.framework; includeInIndex = 0; path = Pods_MovieTests.framework; sourceTree = BUILT_PRODUCTS_DIR; };
		44D593CF3E4E9E30C02CCA0D /* Pods_Movie_MovieUITests.framework */ = {isa = PBXFileReference; explicitFileType = wrapper.framework; includeInIndex = 0; path = Pods_Movie_MovieUITests.framework; sourceTree = BUILT_PRODUCTS_DIR; };
		4942254A7FC5FA4115E390B9 /* Pods-Movie-MovieUITests.release.xcconfig */ = {isa = PBXFileReference; includeInIndex = 1; lastKnownFileType = text.xcconfig; name = "Pods-Movie-MovieUITests.release.xcconfig"; path = "Target Support Files/Pods-Movie-MovieUITests/Pods-Movie-MovieUITests.release.xcconfig"; sourceTree = "<group>"; };
		75CD06845EB3D7F77A31C293 /* Pods-Movie.debug.xcconfig */ = {isa = PBXFileReference; includeInIndex = 1; lastKnownFileType = text.xcconfig; name = "Pods-Movie.debug.xcconfig"; path = "Target Support Files/Pods-Movie/Pods-Movie.debug.xcconfig"; sourceTree = "<group>"; };
		8B44C1A491E8CC7EF9B56279 /* Pods-MovieTests.debug.xcconfig */ = {isa = PBXFileReference; includeInIndex = 1; lastKnownFileType = text.xcconfig; name = "Pods-MovieTests.debug.xcconfig"; path = "Target Support Files/Pods-MovieTests/Pods-MovieTests.debug.xcconfig"; sourceTree = "<group>"; };
		8F76BBEABA3ACD7029938FA5 /* Pods_Movie.framework */ = {isa = PBXFileReference; explicitFileType = wrapper.framework; includeInIndex = 0; path = Pods_Movie.framework; sourceTree = BUILT_PRODUCTS_DIR; };
		B813144301FC88C549A248DD /* Pods-MovieTests.release.xcconfig */ = {isa = PBXFileReference; includeInIndex = 1; lastKnownFileType = text.xcconfig; name = "Pods-MovieTests.release.xcconfig"; path = "Target Support Files/Pods-MovieTests/Pods-MovieTests.release.xcconfig"; sourceTree = "<group>"; };
		C11AD20327AB7BF400815491 /* Movie.app */ = {isa = PBXFileReference; explicitFileType = wrapper.application; includeInIndex = 0; path = Movie.app; sourceTree = BUILT_PRODUCTS_DIR; };
		C11AD20627AB7BF400815491 /* AppDelegate.swift */ = {isa = PBXFileReference; lastKnownFileType = sourcecode.swift; path = AppDelegate.swift; sourceTree = "<group>"; };
		C11AD20827AB7BF400815491 /* SceneDelegate.swift */ = {isa = PBXFileReference; lastKnownFileType = sourcecode.swift; path = SceneDelegate.swift; sourceTree = "<group>"; };
		C11AD20A27AB7BF400815491 /* ViewController.swift */ = {isa = PBXFileReference; lastKnownFileType = sourcecode.swift; path = ViewController.swift; sourceTree = "<group>"; };
		C11AD20D27AB7BF400815491 /* Base */ = {isa = PBXFileReference; lastKnownFileType = file.storyboard; name = Base; path = Base.lproj/Main.storyboard; sourceTree = "<group>"; };
		C11AD20F27AB7BF600815491 /* Assets.xcassets */ = {isa = PBXFileReference; lastKnownFileType = folder.assetcatalog; path = Assets.xcassets; sourceTree = "<group>"; };
		C11AD21227AB7BF600815491 /* Base */ = {isa = PBXFileReference; lastKnownFileType = file.storyboard; name = Base; path = Base.lproj/LaunchScreen.storyboard; sourceTree = "<group>"; };
		C11AD21427AB7BF600815491 /* Info.plist */ = {isa = PBXFileReference; lastKnownFileType = text.plist.xml; path = Info.plist; sourceTree = "<group>"; };
		C11AD21927AB7BF600815491 /* MovieTests.xctest */ = {isa = PBXFileReference; explicitFileType = wrapper.cfbundle; includeInIndex = 0; path = MovieTests.xctest; sourceTree = BUILT_PRODUCTS_DIR; };
		C11AD21D27AB7BF600815491 /* MovieTests.swift */ = {isa = PBXFileReference; lastKnownFileType = sourcecode.swift; path = MovieTests.swift; sourceTree = "<group>"; };
		C11AD22327AB7BF600815491 /* MovieUITests.xctest */ = {isa = PBXFileReference; explicitFileType = wrapper.cfbundle; includeInIndex = 0; path = MovieUITests.xctest; sourceTree = BUILT_PRODUCTS_DIR; };
		C11AD22727AB7BF600815491 /* MovieUITests.swift */ = {isa = PBXFileReference; lastKnownFileType = sourcecode.swift; path = MovieUITests.swift; sourceTree = "<group>"; };
		C11AD22927AB7BF600815491 /* MovieUITestsLaunchTests.swift */ = {isa = PBXFileReference; lastKnownFileType = sourcecode.swift; path = MovieUITestsLaunchTests.swift; sourceTree = "<group>"; };
		C11AD23827AB8CF900815491 /* MoviesViewController.swift */ = {isa = PBXFileReference; lastKnownFileType = sourcecode.swift; path = MoviesViewController.swift; sourceTree = "<group>"; };
		C11AD23A27AB9A7800815491 /* MovieCell.swift */ = {isa = PBXFileReference; lastKnownFileType = sourcecode.swift; path = MovieCell.swift; sourceTree = "<group>"; };
		E98A587CE7775BA67E31616C /* Pods-Movie.release.xcconfig */ = {isa = PBXFileReference; includeInIndex = 1; lastKnownFileType = text.xcconfig; name = "Pods-Movie.release.xcconfig"; path = "Target Support Files/Pods-Movie/Pods-Movie.release.xcconfig"; sourceTree = "<group>"; };
/* End PBXFileReference section */

/* Begin PBXFrameworksBuildPhase section */
		C11AD20027AB7BF400815491 /* Frameworks */ = {
			isa = PBXFrameworksBuildPhase;
			buildActionMask = 2147483647;
			files = (
				C11AD23E27AB9E4A00815491 /* AlamofireImage in Frameworks */,
				3C9F9167208F8B1D3BE7B406 /* Pods_Movie.framework in Frameworks */,
			);
			runOnlyForDeploymentPostprocessing = 0;
		};
		C11AD21627AB7BF600815491 /* Frameworks */ = {
			isa = PBXFrameworksBuildPhase;
			buildActionMask = 2147483647;
			files = (
				8D882C033EBBABD9FD336BF6 /* Pods_MovieTests.framework in Frameworks */,
			);
			runOnlyForDeploymentPostprocessing = 0;
		};
		C11AD22027AB7BF600815491 /* Frameworks */ = {
			isa = PBXFrameworksBuildPhase;
			buildActionMask = 2147483647;
			files = (
				7A3E0C5694535FF4CA0FA485 /* Pods_Movie_MovieUITests.framework in Frameworks */,
			);
			runOnlyForDeploymentPostprocessing = 0;
		};
/* End PBXFrameworksBuildPhase section */

/* Begin PBXGroup section */
		43070E6CB3F6A84B02C598D2 /* Frameworks */ = {
			isa = PBXGroup;
			children = (
				8F76BBEABA3ACD7029938FA5 /* Pods_Movie.framework */,
				44D593CF3E4E9E30C02CCA0D /* Pods_Movie_MovieUITests.framework */,
				19E9B3A8392F9CC91C135D3C /* Pods_MovieTests.framework */,
			);
			name = Frameworks;
			sourceTree = "<group>";
		};
		55735AA93541074DC98B8244 /* Pods */ = {
			isa = PBXGroup;
			children = (
				75CD06845EB3D7F77A31C293 /* Pods-Movie.debug.xcconfig */,
				E98A587CE7775BA67E31616C /* Pods-Movie.release.xcconfig */,
				0DF990733F2F2144FAC91F99 /* Pods-Movie-MovieUITests.debug.xcconfig */,
				4942254A7FC5FA4115E390B9 /* Pods-Movie-MovieUITests.release.xcconfig */,
				8B44C1A491E8CC7EF9B56279 /* Pods-MovieTests.debug.xcconfig */,
				B813144301FC88C549A248DD /* Pods-MovieTests.release.xcconfig */,
			);
			name = Pods;
			path = Pods;
			sourceTree = "<group>";
		};
		C11AD1FA27AB7BF400815491 = {
			isa = PBXGroup;
			children = (
				C11AD20527AB7BF400815491 /* Movie */,
				C11AD21C27AB7BF600815491 /* MovieTests */,
				C11AD22627AB7BF600815491 /* MovieUITests */,
				C11AD20427AB7BF400815491 /* Products */,
				55735AA93541074DC98B8244 /* Pods */,
				43070E6CB3F6A84B02C598D2 /* Frameworks */,
			);
			sourceTree = "<group>";
		};
		C11AD20427AB7BF400815491 /* Products */ = {
			isa = PBXGroup;
			children = (
				C11AD20327AB7BF400815491 /* Movie.app */,
				C11AD21927AB7BF600815491 /* MovieTests.xctest */,
				C11AD22327AB7BF600815491 /* MovieUITests.xctest */,
			);
			name = Products;
			sourceTree = "<group>";
		};
		C11AD20527AB7BF400815491 /* Movie */ = {
			isa = PBXGroup;
			children = (
				C11AD20627AB7BF400815491 /* AppDelegate.swift */,
				C11AD20827AB7BF400815491 /* SceneDelegate.swift */,
				C11AD20A27AB7BF400815491 /* ViewController.swift */,
				C11AD20C27AB7BF400815491 /* Main.storyboard */,
				C11AD20F27AB7BF600815491 /* Assets.xcassets */,
				C11AD21127AB7BF600815491 /* LaunchScreen.storyboard */,
				C11AD21427AB7BF600815491 /* Info.plist */,
				C11AD23827AB8CF900815491 /* MoviesViewController.swift */,
				C11AD23A27AB9A7800815491 /* MovieCell.swift */,
			);
			path = Movie;
			sourceTree = "<group>";
		};
		C11AD21C27AB7BF600815491 /* MovieTests */ = {
			isa = PBXGroup;
			children = (
				C11AD21D27AB7BF600815491 /* MovieTests.swift */,
			);
			path = MovieTests;
			sourceTree = "<group>";
		};
		C11AD22627AB7BF600815491 /* MovieUITests */ = {
			isa = PBXGroup;
			children = (
				C11AD22727AB7BF600815491 /* MovieUITests.swift */,
				C11AD22927AB7BF600815491 /* MovieUITestsLaunchTests.swift */,
			);
			path = MovieUITests;
			sourceTree = "<group>";
		};
/* End PBXGroup section */

/* Begin PBXNativeTarget section */
		C11AD20227AB7BF400815491 /* Movie */ = {
			isa = PBXNativeTarget;
			buildConfigurationList = C11AD22D27AB7BF600815491 /* Build configuration list for PBXNativeTarget "Movie" */;
			buildPhases = (
				9B55D8120DD7B345CAED64FB /* [CP] Check Pods Manifest.lock */,
				C11AD1FF27AB7BF400815491 /* Sources */,
				C11AD20027AB7BF400815491 /* Frameworks */,
				C11AD20127AB7BF400815491 /* Resources */,
				20741D317A6EE9AE510DA3F9 /* [CP] Embed Pods Frameworks */,
			);
			buildRules = (
			);
			dependencies = (
			);
			name = Movie;
			packageProductDependencies = (
				C11AD23D27AB9E4A00815491 /* AlamofireImage */,
			);
			productName = Movie;
			productReference = C11AD20327AB7BF400815491 /* Movie.app */;
			productType = "com.apple.product-type.application";
		};
		C11AD21827AB7BF600815491 /* MovieTests */ = {
			isa = PBXNativeTarget;
			buildConfigurationList = C11AD23027AB7BF600815491 /* Build configuration list for PBXNativeTarget "MovieTests" */;
			buildPhases = (
				07D2670A8FE2010F0B0BC8CE /* [CP] Check Pods Manifest.lock */,
				C11AD21527AB7BF600815491 /* Sources */,
				C11AD21627AB7BF600815491 /* Frameworks */,
				C11AD21727AB7BF600815491 /* Resources */,
			);
			buildRules = (
			);
			dependencies = (
				C11AD21B27AB7BF600815491 /* PBXTargetDependency */,
			);
			name = MovieTests;
			productName = MovieTests;
			productReference = C11AD21927AB7BF600815491 /* MovieTests.xctest */;
			productType = "com.apple.product-type.bundle.unit-test";
		};
		C11AD22227AB7BF600815491 /* MovieUITests */ = {
			isa = PBXNativeTarget;
			buildConfigurationList = C11AD23327AB7BF600815491 /* Build configuration list for PBXNativeTarget "MovieUITests" */;
			buildPhases = (
				0B0159A3A60D1BC4D4419468 /* [CP] Check Pods Manifest.lock */,
				C11AD21F27AB7BF600815491 /* Sources */,
				C11AD22027AB7BF600815491 /* Frameworks */,
				C11AD22127AB7BF600815491 /* Resources */,
				909FA310572F4F85CE2869C4 /* [CP] Embed Pods Frameworks */,
			);
			buildRules = (
			);
			dependencies = (
				C11AD22527AB7BF600815491 /* PBXTargetDependency */,
			);
			name = MovieUITests;
			productName = MovieUITests;
			productReference = C11AD22327AB7BF600815491 /* MovieUITests.xctest */;
			productType = "com.apple.product-type.bundle.ui-testing";
		};
/* End PBXNativeTarget section */

/* Begin PBXProject section */
		C11AD1FB27AB7BF400815491 /* Project object */ = {
			isa = PBXProject;
			attributes = {
				BuildIndependentTargetsInParallel = 1;
				LastSwiftUpdateCheck = 1320;
				LastUpgradeCheck = 1320;
				TargetAttributes = {
					C11AD20227AB7BF400815491 = {
						CreatedOnToolsVersion = 13.2.1;
					};
					C11AD21827AB7BF600815491 = {
						CreatedOnToolsVersion = 13.2.1;
						TestTargetID = C11AD20227AB7BF400815491;
					};
					C11AD22227AB7BF600815491 = {
						CreatedOnToolsVersion = 13.2.1;
						TestTargetID = C11AD20227AB7BF400815491;
					};
				};
			};
			buildConfigurationList = C11AD1FE27AB7BF400815491 /* Build configuration list for PBXProject "Movie" */;
			compatibilityVersion = "Xcode 13.0";
			developmentRegion = en;
			hasScannedForEncodings = 0;
			knownRegions = (
				en,
				Base,
			);
			mainGroup = C11AD1FA27AB7BF400815491;
			packageReferences = (
				C11AD23C27AB9E4A00815491 /* XCRemoteSwiftPackageReference "AlamofireImage" */,
			);
			productRefGroup = C11AD20427AB7BF400815491 /* Products */;
			projectDirPath = "";
			projectRoot = "";
			targets = (
				C11AD20227AB7BF400815491 /* Movie */,
				C11AD21827AB7BF600815491 /* MovieTests */,
				C11AD22227AB7BF600815491 /* MovieUITests */,
			);
		};
/* End PBXProject section */

/* Begin PBXResourcesBuildPhase section */
		C11AD20127AB7BF400815491 /* Resources */ = {
			isa = PBXResourcesBuildPhase;
			buildActionMask = 2147483647;
			files = (
				C11AD21327AB7BF600815491 /* LaunchScreen.storyboard in Resources */,
				C11AD21027AB7BF600815491 /* Assets.xcassets in Resources */,
				C11AD20E27AB7BF400815491 /* Main.storyboard in Resources */,
			);
			runOnlyForDeploymentPostprocessing = 0;
		};
		C11AD21727AB7BF600815491 /* Resources */ = {
			isa = PBXResourcesBuildPhase;
			buildActionMask = 2147483647;
			files = (
			);
			runOnlyForDeploymentPostprocessing = 0;
		};
		C11AD22127AB7BF600815491 /* Resources */ = {
			isa = PBXResourcesBuildPhase;
			buildActionMask = 2147483647;
			files = (
			);
			runOnlyForDeploymentPostprocessing = 0;
		};
/* End PBXResourcesBuildPhase section */

/* Begin PBXShellScriptBuildPhase section */
		07D2670A8FE2010F0B0BC8CE /* [CP] Check Pods Manifest.lock */ = {
			isa = PBXShellScriptBuildPhase;
			buildActionMask = 2147483647;
			files = (
			);
			inputFileListPaths = (
			);
			inputPaths = (
				"${PODS_PODFILE_DIR_PATH}/Podfile.lock",
				"${PODS_ROOT}/Manifest.lock",
			);
			name = "[CP] Check Pods Manifest.lock";
			outputFileListPaths = (
			);
			outputPaths = (
				"$(DERIVED_FILE_DIR)/Pods-MovieTests-checkManifestLockResult.txt",
			);
			runOnlyForDeploymentPostprocessing = 0;
			shellPath = /bin/sh;
			shellScript = "diff \"${PODS_PODFILE_DIR_PATH}/Podfile.lock\" \"${PODS_ROOT}/Manifest.lock\" > /dev/null\nif [ $? != 0 ] ; then\n    # print error to STDERR\n    echo \"error: The sandbox is not in sync with the Podfile.lock. Run 'pod install' or update your CocoaPods installation.\" >&2\n    exit 1\nfi\n# This output is used by Xcode 'outputs' to avoid re-running this script phase.\necho \"SUCCESS\" > \"${SCRIPT_OUTPUT_FILE_0}\"\n";
			showEnvVarsInLog = 0;
		};
		0B0159A3A60D1BC4D4419468 /* [CP] Check Pods Manifest.lock */ = {
			isa = PBXShellScriptBuildPhase;
			buildActionMask = 2147483647;
			files = (
			);
			inputFileListPaths = (
			);
			inputPaths = (
				"${PODS_PODFILE_DIR_PATH}/Podfile.lock",
				"${PODS_ROOT}/Manifest.lock",
			);
			name = "[CP] Check Pods Manifest.lock";
			outputFileListPaths = (
			);
			outputPaths = (
				"$(DERIVED_FILE_DIR)/Pods-Movie-MovieUITests-checkManifestLockResult.txt",
			);
			runOnlyForDeploymentPostprocessing = 0;
			shellPath = /bin/sh;
			shellScript = "diff \"${PODS_PODFILE_DIR_PATH}/Podfile.lock\" \"${PODS_ROOT}/Manifest.lock\" > /dev/null\nif [ $? != 0 ] ; then\n    # print error to STDERR\n    echo \"error: The sandbox is not in sync with the Podfile.lock. Run 'pod install' or update your CocoaPods installation.\" >&2\n    exit 1\nfi\n# This output is used by Xcode 'outputs' to avoid re-running this script phase.\necho \"SUCCESS\" > \"${SCRIPT_OUTPUT_FILE_0}\"\n";
			showEnvVarsInLog = 0;
		};
		20741D317A6EE9AE510DA3F9 /* [CP] Embed Pods Frameworks */ = {
			isa = PBXShellScriptBuildPhase;
			buildActionMask = 2147483647;
			files = (
			);
			inputFileListPaths = (
				"${PODS_ROOT}/Target Support Files/Pods-Movie/Pods-Movie-frameworks-${CONFIGURATION}-input-files.xcfilelist",
			);
			name = "[CP] Embed Pods Frameworks";
			outputFileListPaths = (
				"${PODS_ROOT}/Target Support Files/Pods-Movie/Pods-Movie-frameworks-${CONFIGURATION}-output-files.xcfilelist",
			);
			runOnlyForDeploymentPostprocessing = 0;
			shellPath = /bin/sh;
			shellScript = "\"${PODS_ROOT}/Target Support Files/Pods-Movie/Pods-Movie-frameworks.sh\"\n";
			showEnvVarsInLog = 0;
		};
		909FA310572F4F85CE2869C4 /* [CP] Embed Pods Frameworks */ = {
			isa = PBXShellScriptBuildPhase;
			buildActionMask = 2147483647;
			files = (
			);
			inputFileListPaths = (
				"${PODS_ROOT}/Target Support Files/Pods-Movie-MovieUITests/Pods-Movie-MovieUITests-frameworks-${CONFIGURATION}-input-files.xcfilelist",
			);
			name = "[CP] Embed Pods Frameworks";
			outputFileListPaths = (
				"${PODS_ROOT}/Target Support Files/Pods-Movie-MovieUITests/Pods-Movie-MovieUITests-frameworks-${CONFIGURATION}-output-files.xcfilelist",
			);
			runOnlyForDeploymentPostprocessing = 0;
			shellPath = /bin/sh;
			shellScript = "\"${PODS_ROOT}/Target Support Files/Pods-Movie-MovieUITests/Pods-Movie-MovieUITests-frameworks.sh\"\n";
			showEnvVarsInLog = 0;
		};
		9B55D8120DD7B345CAED64FB /* [CP] Check Pods Manifest.lock */ = {
			isa = PBXShellScriptBuildPhase;
			buildActionMask = 2147483647;
			files = (
			);
			inputFileListPaths = (
			);
			inputPaths = (
				"${PODS_PODFILE_DIR_PATH}/Podfile.lock",
				"${PODS_ROOT}/Manifest.lock",
			);
			name = "[CP] Check Pods Manifest.lock";
			outputFileListPaths = (
			);
			outputPaths = (
				"$(DERIVED_FILE_DIR)/Pods-Movie-checkManifestLockResult.txt",
			);
			runOnlyForDeploymentPostprocessing = 0;
			shellPath = /bin/sh;
			shellScript = "diff \"${PODS_PODFILE_DIR_PATH}/Podfile.lock\" \"${PODS_ROOT}/Manifest.lock\" > /dev/null\nif [ $? != 0 ] ; then\n    # print error to STDERR\n    echo \"error: The sandbox is not in sync with the Podfile.lock. Run 'pod install' or update your CocoaPods installation.\" >&2\n    exit 1\nfi\n# This output is used by Xcode 'outputs' to avoid re-running this script phase.\necho \"SUCCESS\" > \"${SCRIPT_OUTPUT_FILE_0}\"\n";
			showEnvVarsInLog = 0;
		};
/* End PBXShellScriptBuildPhase section */

/* Begin PBXSourcesBuildPhase section */
		C11AD1FF27AB7BF400815491 /* Sources */ = {
			isa = PBXSourcesBuildPhase;
			buildActionMask = 2147483647;
			files = (
				C11AD20B27AB7BF400815491 /* ViewController.swift in Sources */,
				C11AD20727AB7BF400815491 /* AppDelegate.swift in Sources */,
				C11AD20927AB7BF400815491 /* SceneDelegate.swift in Sources */,
				C11AD23B27AB9A7800815491 /* MovieCell.swift in Sources */,
				C11AD23927AB8CF900815491 /* MoviesViewController.swift in Sources */,
			);
			runOnlyForDeploymentPostprocessing = 0;
		};
		C11AD21527AB7BF600815491 /* Sources */ = {
			isa = PBXSourcesBuildPhase;
			buildActionMask = 2147483647;
			files = (
				C11AD21E27AB7BF600815491 /* MovieTests.swift in Sources */,
			);
			runOnlyForDeploymentPostprocessing = 0;
		};
		C11AD21F27AB7BF600815491 /* Sources */ = {
			isa = PBXSourcesBuildPhase;
			buildActionMask = 2147483647;
			files = (
				C11AD22827AB7BF600815491 /* MovieUITests.swift in Sources */,
				C11AD22A27AB7BF600815491 /* MovieUITestsLaunchTests.swift in Sources */,
			);
			runOnlyForDeploymentPostprocessing = 0;
		};
/* End PBXSourcesBuildPhase section */

/* Begin PBXTargetDependency section */
		C11AD21B27AB7BF600815491 /* PBXTargetDependency */ = {
			isa = PBXTargetDependency;
			target = C11AD20227AB7BF400815491 /* Movie */;
			targetProxy = C11AD21A27AB7BF600815491 /* PBXContainerItemProxy */;
		};
		C11AD22527AB7BF600815491 /* PBXTargetDependency */ = {
			isa = PBXTargetDependency;
			target = C11AD20227AB7BF400815491 /* Movie */;
			targetProxy = C11AD22427AB7BF600815491 /* PBXContainerItemProxy */;
		};
/* End PBXTargetDependency section */

/* Begin PBXVariantGroup section */
		C11AD20C27AB7BF400815491 /* Main.storyboard */ = {
			isa = PBXVariantGroup;
			children = (
				C11AD20D27AB7BF400815491 /* Base */,
			);
			name = Main.storyboard;
			sourceTree = "<group>";
		};
		C11AD21127AB7BF600815491 /* LaunchScreen.storyboard */ = {
			isa = PBXVariantGroup;
			children = (
				C11AD21227AB7BF600815491 /* Base */,
			);
			name = LaunchScreen.storyboard;
			sourceTree = "<group>";
		};
/* End PBXVariantGroup section */

/* Begin XCBuildConfiguration section */
		C11AD22B27AB7BF600815491 /* Debug */ = {
			isa = XCBuildConfiguration;
			buildSettings = {
				ALWAYS_SEARCH_USER_PATHS = NO;
				CLANG_ANALYZER_NONNULL = YES;
				CLANG_ANALYZER_NUMBER_OBJECT_CONVERSION = YES_AGGRESSIVE;
				CLANG_CXX_LANGUAGE_STANDARD = "gnu++17";
				CLANG_CXX_LIBRARY = "libc++";
				CLANG_ENABLE_MODULES = YES;
				CLANG_ENABLE_OBJC_ARC = YES;
				CLANG_ENABLE_OBJC_WEAK = YES;
				CLANG_WARN_BLOCK_CAPTURE_AUTORELEASING = YES;
				CLANG_WARN_BOOL_CONVERSION = YES;
				CLANG_WARN_COMMA = YES;
				CLANG_WARN_CONSTANT_CONVERSION = YES;
				CLANG_WARN_DEPRECATED_OBJC_IMPLEMENTATIONS = YES;
				CLANG_WARN_DIRECT_OBJC_ISA_USAGE = YES_ERROR;
				CLANG_WARN_DOCUMENTATION_COMMENTS = YES;
				CLANG_WARN_EMPTY_BODY = YES;
				CLANG_WARN_ENUM_CONVERSION = YES;
				CLANG_WARN_INFINITE_RECURSION = YES;
				CLANG_WARN_INT_CONVERSION = YES;
				CLANG_WARN_NON_LITERAL_NULL_CONVERSION = YES;
				CLANG_WARN_OBJC_IMPLICIT_RETAIN_SELF = YES;
				CLANG_WARN_OBJC_LITERAL_CONVERSION = YES;
				CLANG_WARN_OBJC_ROOT_CLASS = YES_ERROR;
				CLANG_WARN_QUOTED_INCLUDE_IN_FRAMEWORK_HEADER = YES;
				CLANG_WARN_RANGE_LOOP_ANALYSIS = YES;
				CLANG_WARN_STRICT_PROTOTYPES = YES;
				CLANG_WARN_SUSPICIOUS_MOVE = YES;
				CLANG_WARN_UNGUARDED_AVAILABILITY = YES_AGGRESSIVE;
				CLANG_WARN_UNREACHABLE_CODE = YES;
				CLANG_WARN__DUPLICATE_METHOD_MATCH = YES;
				COPY_PHASE_STRIP = NO;
				DEBUG_INFORMATION_FORMAT = dwarf;
				ENABLE_STRICT_OBJC_MSGSEND = YES;
				ENABLE_TESTABILITY = YES;
				GCC_C_LANGUAGE_STANDARD = gnu11;
				GCC_DYNAMIC_NO_PIC = NO;
				GCC_NO_COMMON_BLOCKS = YES;
				GCC_OPTIMIZATION_LEVEL = 0;
				GCC_PREPROCESSOR_DEFINITIONS = (
					"DEBUG=1",
					"$(inherited)",
				);
				GCC_WARN_64_TO_32_BIT_CONVERSION = YES;
				GCC_WARN_ABOUT_RETURN_TYPE = YES_ERROR;
				GCC_WARN_UNDECLARED_SELECTOR = YES;
				GCC_WARN_UNINITIALIZED_AUTOS = YES_AGGRESSIVE;
				GCC_WARN_UNUSED_FUNCTION = YES;
				GCC_WARN_UNUSED_VARIABLE = YES;
				IPHONEOS_DEPLOYMENT_TARGET = 15.2;
				MTL_ENABLE_DEBUG_INFO = INCLUDE_SOURCE;
				MTL_FAST_MATH = YES;
				ONLY_ACTIVE_ARCH = YES;
				SDKROOT = iphoneos;
				SWIFT_ACTIVE_COMPILATION_CONDITIONS = DEBUG;
				SWIFT_OPTIMIZATION_LEVEL = "-Onone";
			};
			name = Debug;
		};
		C11AD22C27AB7BF600815491 /* Release */ = {
			isa = XCBuildConfiguration;
			buildSettings = {
				ALWAYS_SEARCH_USER_PATHS = NO;
				CLANG_ANALYZER_NONNULL = YES;
				CLANG_ANALYZER_NUMBER_OBJECT_CONVERSION = YES_AGGRESSIVE;
				CLANG_CXX_LANGUAGE_STANDARD = "gnu++17";
				CLANG_CXX_LIBRARY = "libc++";
				CLANG_ENABLE_MODULES = YES;
				CLANG_ENABLE_OBJC_ARC = YES;
				CLANG_ENABLE_OBJC_WEAK = YES;
				CLANG_WARN_BLOCK_CAPTURE_AUTORELEASING = YES;
				CLANG_WARN_BOOL_CONVERSION = YES;
				CLANG_WARN_COMMA = YES;
				CLANG_WARN_CONSTANT_CONVERSION = YES;
				CLANG_WARN_DEPRECATED_OBJC_IMPLEMENTATIONS = YES;
				CLANG_WARN_DIRECT_OBJC_ISA_USAGE = YES_ERROR;
				CLANG_WARN_DOCUMENTATION_COMMENTS = YES;
				CLANG_WARN_EMPTY_BODY = YES;
				CLANG_WARN_ENUM_CONVERSION = YES;
				CLANG_WARN_INFINITE_RECURSION = YES;
				CLANG_WARN_INT_CONVERSION = YES;
				CLANG_WARN_NON_LITERAL_NULL_CONVERSION = YES;
				CLANG_WARN_OBJC_IMPLICIT_RETAIN_SELF = YES;
				CLANG_WARN_OBJC_LITERAL_CONVERSION = YES;
				CLANG_WARN_OBJC_ROOT_CLASS = YES_ERROR;
				CLANG_WARN_QUOTED_INCLUDE_IN_FRAMEWORK_HEADER = YES;
				CLANG_WARN_RANGE_LOOP_ANALYSIS = YES;
				CLANG_WARN_STRICT_PROTOTYPES = YES;
				CLANG_WARN_SUSPICIOUS_MOVE = YES;
				CLANG_WARN_UNGUARDED_AVAILABILITY = YES_AGGRESSIVE;
				CLANG_WARN_UNREACHABLE_CODE = YES;
				CLANG_WARN__DUPLICATE_METHOD_MATCH = YES;
				COPY_PHASE_STRIP = NO;
				DEBUG_INFORMATION_FORMAT = "dwarf-with-dsym";
				ENABLE_NS_ASSERTIONS = NO;
				ENABLE_STRICT_OBJC_MSGSEND = YES;
				GCC_C_LANGUAGE_STANDARD = gnu11;
				GCC_NO_COMMON_BLOCKS = YES;
				GCC_WARN_64_TO_32_BIT_CONVERSION = YES;
				GCC_WARN_ABOUT_RETURN_TYPE = YES_ERROR;
				GCC_WARN_UNDECLARED_SELECTOR = YES;
				GCC_WARN_UNINITIALIZED_AUTOS = YES_AGGRESSIVE;
				GCC_WARN_UNUSED_FUNCTION = YES;
				GCC_WARN_UNUSED_VARIABLE = YES;
				IPHONEOS_DEPLOYMENT_TARGET = 15.2;
				MTL_ENABLE_DEBUG_INFO = NO;
				MTL_FAST_MATH = YES;
				SDKROOT = iphoneos;
				SWIFT_COMPILATION_MODE = wholemodule;
				SWIFT_OPTIMIZATION_LEVEL = "-O";
				VALIDATE_PRODUCT = YES;
			};
			name = Release;
		};
		C11AD22E27AB7BF600815491 /* Debug */ = {
			isa = XCBuildConfiguration;
			baseConfigurationReference = 75CD06845EB3D7F77A31C293 /* Pods-Movie.debug.xcconfig */;
			buildSettings = {
				ASSETCATALOG_COMPILER_APPICON_NAME = AppIcon;
				ASSETCATALOG_COMPILER_GLOBAL_ACCENT_COLOR_NAME = AccentColor;
				CODE_SIGN_STYLE = Automatic;
				CURRENT_PROJECT_VERSION = 1;
				DEVELOPMENT_TEAM = CCPYQM9845;
				GENERATE_INFOPLIST_FILE = YES;
				INFOPLIST_FILE = Movie/Info.plist;
				INFOPLIST_KEY_UIApplicationSupportsIndirectInputEvents = YES;
				INFOPLIST_KEY_UILaunchStoryboardName = LaunchScreen;
				INFOPLIST_KEY_UIMainStoryboardFile = Main;
				INFOPLIST_KEY_UISupportedInterfaceOrientations_iPad = "UIInterfaceOrientationPortrait UIInterfaceOrientationPortraitUpsideDown UIInterfaceOrientationLandscapeLeft UIInterfaceOrientationLandscapeRight";
				INFOPLIST_KEY_UISupportedInterfaceOrientations_iPhone = "UIInterfaceOrientationPortrait UIInterfaceOrientationLandscapeLeft UIInterfaceOrientationLandscapeRight";
				LD_RUNPATH_SEARCH_PATHS = (
					"$(inherited)",
					"@executable_path/Frameworks",
				);
				MARKETING_VERSION = 1.0;
				PRODUCT_BUNDLE_IDENTIFIER = com.zhilinli.Movie;
				PRODUCT_NAME = "$(TARGET_NAME)";
				SWIFT_EMIT_LOC_STRINGS = YES;
				SWIFT_VERSION = 5.0;
				TARGETED_DEVICE_FAMILY = "1,2";
			};
			name = Debug;
		};
		C11AD22F27AB7BF600815491 /* Release */ = {
			isa = XCBuildConfiguration;
			baseConfigurationReference = E98A587CE7775BA67E31616C /* Pods-Movie.release.xcconfig */;
			buildSettings = {
				ASSETCATALOG_COMPILER_APPICON_NAME = AppIcon;
				ASSETCATALOG_COMPILER_GLOBAL_ACCENT_COLOR_NAME = AccentColor;
				CODE_SIGN_STYLE = Automatic;
				CURRENT_PROJECT_VERSION = 1;
				DEVELOPMENT_TEAM = CCPYQM9845;
				GENERATE_INFOPLIST_FILE = YES;
				INFOPLIST_FILE = Movie/Info.plist;
				INFOPLIST_KEY_UIApplicationSupportsIndirectInputEvents = YES;
				INFOPLIST_KEY_UILaunchStoryboardName = LaunchScreen;
				INFOPLIST_KEY_UIMainStoryboardFile = Main;
				INFOPLIST_KEY_UISupportedInterfaceOrientations_iPad = "UIInterfaceOrientationPortrait UIInterfaceOrientationPortraitUpsideDown UIInterfaceOrientationLandscapeLeft UIInterfaceOrientationLandscapeRight";
				INFOPLIST_KEY_UISupportedInterfaceOrientations_iPhone = "UIInterfaceOrientationPortrait UIInterfaceOrientationLandscapeLeft UIInterfaceOrientationLandscapeRight";
				LD_RUNPATH_SEARCH_PATHS = (
					"$(inherited)",
					"@executable_path/Frameworks",
				);
				MARKETING_VERSION = 1.0;
				PRODUCT_BUNDLE_IDENTIFIER = com.zhilinli.Movie;
				PRODUCT_NAME = "$(TARGET_NAME)";
				SWIFT_EMIT_LOC_STRINGS = YES;
				SWIFT_VERSION = 5.0;
				TARGETED_DEVICE_FAMILY = "1,2";
			};
			name = Release;
		};
		C11AD23127AB7BF600815491 /* Debug */ = {
			isa = XCBuildConfiguration;
			baseConfigurationReference = 8B44C1A491E8CC7EF9B56279 /* Pods-MovieTests.debug.xcconfig */;
			buildSettings = {
				ALWAYS_EMBED_SWIFT_STANDARD_LIBRARIES = YES;
				BUNDLE_LOADER = "$(TEST_HOST)";
				CODE_SIGN_STYLE = Automatic;
				CURRENT_PROJECT_VERSION = 1;
				DEVELOPMENT_TEAM = CCPYQM9845;
				GENERATE_INFOPLIST_FILE = YES;
				IPHONEOS_DEPLOYMENT_TARGET = 15.2;
				MARKETING_VERSION = 1.0;
				PRODUCT_BUNDLE_IDENTIFIER = com.zhilinli.MovieTests;
				PRODUCT_NAME = "$(TARGET_NAME)";
				SWIFT_EMIT_LOC_STRINGS = NO;
				SWIFT_VERSION = 5.0;
				TARGETED_DEVICE_FAMILY = "1,2";
				TEST_HOST = "$(BUILT_PRODUCTS_DIR)/Movie.app/Movie";
			};
			name = Debug;
		};
		C11AD23227AB7BF600815491 /* Release */ = {
			isa = XCBuildConfiguration;
			baseConfigurationReference = B813144301FC88C549A248DD /* Pods-MovieTests.release.xcconfig */;
			buildSettings = {
				ALWAYS_EMBED_SWIFT_STANDARD_LIBRARIES = YES;
				BUNDLE_LOADER = "$(TEST_HOST)";
				CODE_SIGN_STYLE = Automatic;
				CURRENT_PROJECT_VERSION = 1;
				DEVELOPMENT_TEAM = CCPYQM9845;
				GENERATE_INFOPLIST_FILE = YES;
				IPHONEOS_DEPLOYMENT_TARGET = 15.2;
				MARKETING_VERSION = 1.0;
				PRODUCT_BUNDLE_IDENTIFIER = com.zhilinli.MovieTests;
				PRODUCT_NAME = "$(TARGET_NAME)";
				SWIFT_EMIT_LOC_STRINGS = NO;
				SWIFT_VERSION = 5.0;
				TARGETED_DEVICE_FAMILY = "1,2";
				TEST_HOST = "$(BUILT_PRODUCTS_DIR)/Movie.app/Movie";
			};
			name = Release;
		};
		C11AD23427AB7BF600815491 /* Debug */ = {
			isa = XCBuildConfiguration;
			baseConfigurationReference = 0DF990733F2F2144FAC91F99 /* Pods-Movie-MovieUITests.debug.xcconfig */;
			buildSettings = {
				ALWAYS_EMBED_SWIFT_STANDARD_LIBRARIES = YES;
				CODE_SIGN_STYLE = Automatic;
				CURRENT_PROJECT_VERSION = 1;
				DEVELOPMENT_TEAM = CCPYQM9845;
				GENERATE_INFOPLIST_FILE = YES;
				MARKETING_VERSION = 1.0;
				PRODUCT_BUNDLE_IDENTIFIER = com.zhilinli.MovieUITests;
				PRODUCT_NAME = "$(TARGET_NAME)";
				SWIFT_EMIT_LOC_STRINGS = NO;
				SWIFT_VERSION = 5.0;
				TARGETED_DEVICE_FAMILY = "1,2";
				TEST_TARGET_NAME = Movie;
			};
			name = Debug;
		};
		C11AD23527AB7BF600815491 /* Release */ = {
			isa = XCBuildConfiguration;
			baseConfigurationReference = 4942254A7FC5FA4115E390B9 /* Pods-Movie-MovieUITests.release.xcconfig */;
			buildSettings = {
				ALWAYS_EMBED_SWIFT_STANDARD_LIBRARIES = YES;
				CODE_SIGN_STYLE = Automatic;
				CURRENT_PROJECT_VERSION = 1;
				DEVELOPMENT_TEAM = CCPYQM9845;
				GENERATE_INFOPLIST_FILE = YES;
				MARKETING_VERSION = 1.0;
				PRODUCT_BUNDLE_IDENTIFIER = com.zhilinli.MovieUITests;
				PRODUCT_NAME = "$(TARGET_NAME)";
				SWIFT_EMIT_LOC_STRINGS = NO;
				SWIFT_VERSION = 5.0;
				TARGETED_DEVICE_FAMILY = "1,2";
				TEST_TARGET_NAME = Movie;
			};
			name = Release;
		};
/* End XCBuildConfiguration section */

/* Begin XCConfigurationList section */
		C11AD1FE27AB7BF400815491 /* Build configuration list for PBXProject "Movie" */ = {
			isa = XCConfigurationList;
			buildConfigurations = (
				C11AD22B27AB7BF600815491 /* Debug */,
				C11AD22C27AB7BF600815491 /* Release */,
			);
			defaultConfigurationIsVisible = 0;
			defaultConfigurationName = Release;
		};
		C11AD22D27AB7BF600815491 /* Build configuration list for PBXNativeTarget "Movie" */ = {
			isa = XCConfigurationList;
			buildConfigurations = (
				C11AD22E27AB7BF600815491 /* Debug */,
				C11AD22F27AB7BF600815491 /* Release */,
			);
			defaultConfigurationIsVisible = 0;
			defaultConfigurationName = Release;
		};
		C11AD23027AB7BF600815491 /* Build configuration list for PBXNativeTarget "MovieTests" */ = {
			isa = XCConfigurationList;
			buildConfigurations = (
				C11AD23127AB7BF600815491 /* Debug */,
				C11AD23227AB7BF600815491 /* Release */,
			);
			defaultConfigurationIsVisible = 0;
			defaultConfigurationName = Release;
		};
		C11AD23327AB7BF600815491 /* Build configuration list for PBXNativeTarget "MovieUITests" */ = {
			isa = XCConfigurationList;
			buildConfigurations = (
				C11AD23427AB7BF600815491 /* Debug */,
				C11AD23527AB7BF600815491 /* Release */,
			);
			defaultConfigurationIsVisible = 0;
			defaultConfigurationName = Release;
		};
/* End XCConfigurationList section */

/* Begin XCRemoteSwiftPackageReference section */
		C11AD23C27AB9E4A00815491 /* XCRemoteSwiftPackageReference "AlamofireImage" */ = {
			isa = XCRemoteSwiftPackageReference;
			repositoryURL = "https://github.com/Alamofire/AlamofireImage";
			requirement = {
				kind = upToNextMajorVersion;
				minimumVersion = 4.0.0;
			};
		};
/* End XCRemoteSwiftPackageReference section */

/* Begin XCSwiftPackageProductDependency section */
		C11AD23D27AB9E4A00815491 /* AlamofireImage */ = {
			isa = XCSwiftPackageProductDependency;
			package = C11AD23C27AB9E4A00815491 /* XCRemoteSwiftPackageReference "AlamofireImage" */;
			productName = AlamofireImage;
		};
/* End XCSwiftPackageProductDependency section */
	};
	rootObject = C11AD1FB27AB7BF400815491 /* Project object */;
}
